github.com/codemodify/systemkit-appserver v1.7.9 h1:yrOyGbrfP3otwJqR800QngXnGxrNnLwoALVvTi4FYmk=
github.com/codemodify/systemkit-appserver v1.7.9/go.mod h1:VJBVIgxMncYBJYSC9GAK5heqEPxA/vFQRT4yeAND87k=
github.com/codemodify/systemkit-appserver-http v1.8.0 h1:rVR2Z60JUQBJfkwY01MJMXtCql5SU7Dues2WdiKQb98=
github.com/codemodify/systemkit-appserver-http v1.8.0/go.mod h1:KPsBHtYct3vu4lR0t7re/dyMwJUOTcHvb10qvE6t4yA=
github.com/codemodify/systemkit-helpers-channels v1.7.9 h1:35Jcy2k42jyNK+YN4YlpcAAu3Q66KVy3CWNCpniqG4c=
github.com/codemodify/systemkit-helpers-channels v1.7.9/go.mod h1:8IcL2xCcLK+ZxnB+eo68nNzByBktWAUR+R8cBe8tuyc=
github.com/codemodify/systemkit-helpers-reflection v1.7.9 h1:vPsYvbOiEZHT+rpoXlRx14IvzsKEAkYy7Aw2QEjF/G0=
github.com/codemodify/systemkit-helpers-reflection v1.7.9/go.mod h1:HunZSrygIcl5IBmnWAYoDoqvFRVu7GIUvC0/scCfPzY=
github.com/codemodify/systemkit-logging v1.8.2 h1:mLirYlQSczNJVh61/Q300AsRJfzmGzqG+sydPxFtCU4=
github.com/codemodify/systemkit-logging v1.8.2/go.mod h1:29Zc9P/MnY2bgenJU9aoDszUef+Xf40b3ajtusTBC1Q=
github.com/gorilla/mux v1.7.4 h1:VuZ8uybHlWmqV03+zRzdwKL4tUnIp1MAQtp1mIFE1bc=
github.com/gorilla/mux v1.7.4/go.mod h1:DVbg23sWSpFRCP0SfiEN6jmj59UnW/n46BH5rLB71So=
github.com/gorilla/websocket v1.4.2 h1:+/TMaTYc4QFitKJxsQ7Yye35DkWvkdLcvGKqM+x0Ufc=
github.com/gorilla/websocket v1.4.2/go.mod h1:YR8l580nyteQvAITg2hZ9XVh4b55+EU/adAjf1fMHhE=
github.com/rs/cors v1.7.0 h1:+88SsELBHx5r+hZ8TCkggzSstaWNbDvThkVK8H6f9ik=
github.com/rs/cors v1.7.0/go.mod h1:gFx+x8UowdsKA9AchylcLynDq+nNFfI8FkUZdN/jGCU=
